
Microsoft Visual Studio Solution File, Format Version 12.00
# Visual Studio Version 17
VisualStudioVersion = 17.11.35312.102
MinimumVisualStudioVersion = 10.0.40219.1
Project("{FAE04EC0-301F-11D3-BF4B-00C04F79EFBC}") = "lv1ruap", "lv1ruap.csproj", "{2FAA16FD-07EA-41DC-96C9-C2B0EE430842}"
EndProject
Global
	GlobalSection(SolutionConfigurationPlatforms) = preSolution
		Debug|Any CPU = Debug|Any CPU
		Release|Any CPU = Release|Any CPU
	EndGlobalSection
	GlobalSection(ProjectConfigurationPlatforms) = postSolution
		{2FAA16FD-07EA-41DC-96C9-C2B0EE430842}.Debug|Any CPU.ActiveCfg = Debug|Any CPU
		{2FAA16FD-07EA-41DC-96C9-C2B0EE430842}.Debug|Any CPU.Build.0 = Debug|Any CPU
		{2FAA16FD-07EA-41DC-96C9-C2B0EE430842}.Release|Any CPU.ActiveCfg = Release|Any CPU
		{2FAA16FD-07EA-41DC-96C9-C2B0EE430842}.Release|Any CPU.Build.0 = Release|Any CPU
	EndGlobalSection
	GlobalSection(SolutionProperties) = preSolution
		HideSolutionNode = FALSE
	EndGlobalSection
	GlobalSection(ExtensibilityGlobals) = postSolution
		SolutionGuid = {CBB5CAFA-9AE5-46C6-BD20-E5E42BF96193}
	EndGlobalSection
EndGlobal
